
Microsoft Visual Studio Solution File, Format Version 12.00
# Visual Studio Version 16
VisualStudioVersion = 16.0.30804.86
MinimumVisualStudioVersion = 10.0.40219.1
Project("{8BC9CEB8-8B4A-11D0-8D11-00A0C91BC942}") = "AVL_Tree", "AVL_Tree.vcxproj", "{7E325272-081C-4A70-B4F4-A8FEC7764A1D}"
EndProject
Global
	GlobalSection(SolutionConfigurationPlatforms) = preSolution
		Debug|x64 = Debug|x64
		Debug|x86 = Debug|x86
		Release|x64 = Release|x64
		Release|x86 = Release|x86
	EndGlobalSection
	GlobalSection(ProjectConfigurationPlatforms) = postSolution
		{7E325272-081C-4A70-B4F4-A8FEC7764A1D}.Debug|x64.ActiveCfg = Debug|x64
		{7E325272-081C-4A70-B4F4-A8FEC7764A1D}.Debug|x64.Build.0 = Debug|x64
		{7E325272-081C-4A70-B4F4-A8FEC7764A1D}.Debug|x86.ActiveCfg = Debug|Win32
		{7E325272-081C-4A70-B4F4-A8FEC7764A1D}.Debug|x86.Build.0 = Debug|Win32
		{7E325272-081C-4A70-B4F4-A8FEC7764A1D}.Release|x64.ActiveCfg = Release|x64
		{7E325272-081C-4A70-B4F4-A8FEC7764A1D}.Release|x64.Build.0 = Release|x64
		{7E325272-081C-4A70-B4F4-A8FEC7764A1D}.Release|x86.ActiveCfg = Release|Win32
		{7E325272-081C-4A70-B4F4-A8FEC7764A1D}.Release|x86.Build.0 = Release|Win32
	EndGlobalSection
	GlobalSection(SolutionProperties) = preSolution
		HideSolutionNode = FALSE
	EndGlobalSection
	GlobalSection(ExtensibilityGlobals) = postSolution
		SolutionGuid = {FE5CB131-18E7-4B40-A85D-49368E2F0253}
	EndGlobalSection
EndGlobal
